{
  "nodes": {
    "gradlever": {
      "inputs": {
        "nixpkgs": [
          "nixpkgs"
        ]
      },
      "locked": {
        "lastModified": 1790332347,
        "narHash": "sha256-RL6pePKEAURN49tnJ58gI73uRvtlbqsvIydXqi33gus=",
        "owner": "syntacticallyazure",
        "repo": "gradlever",
        "rev": "19b0ccdc89a61c050c0c529d4983cd2576e2eb7e",
        "type": "github"
      },
      "original": {
        "owner": "syntacticallyazure",
        "repo": "gradlever",
        "type": "github"
      }
    },
    "nixpkgs": {
      "locked": {
        "lastModified": 1790185690,
        "narHash": "sha256-xJ+X4hBtOcAFGBOe5nAMyMUeF9foJBmIOu3NjBqBycU=",
        "owner": "NixOS",
        "repo": "nixpkgs",
        "rev": "4975466d324710c576dc11ad614684e6bd8cad8e",
        "type": "github"
      },
      "original": {
        "owner": "NixOS",
        "ref": "nixos-unstable",
        "repo": "nixpkgs",
        "type": "github"
      }
    },
    "root": {
      "inputs": {
        "gradlever": "gradlever",
        "nixpkgs": "nixpkgs"
      }
    }
  },
  "root": "root",
  "version": 7
}
